
Microsoft Visual Studio Solution File, Format Version 12.00
# Visual Studio 15
VisualStudioVersion = 15.0.27520.0
MinimumVisualStudioVersion = 10.0.40219.1
Project("{9A19103F-16F7-4668-BE54-9A1E7A4F7556}") = "AspNetCoreWindowsAuth", "AspNetCoreWindowsAuth\AspNetCoreWindowsAuth.csproj", "{44AE5A28-CC0F-4A05-839F-3B2292FA2953}"
EndProject
Project("{9A19103F-16F7-4668-BE54-9A1E7A4F7556}") = "StsServer", "StsServer\StsServer.csproj", "{DBDA1674-80CA-473C-8FBC-0E77937C24D0}"
EndProject
Global
	GlobalSection(SolutionConfigurationPlatforms) = preSolution
		Debug|Any CPU = Debug|Any CPU
		Release|Any CPU = Release|Any CPU
	EndGlobalSection
	GlobalSection(ProjectConfigurationPlatforms) = postSolution
		{44AE5A28-CC0F-4A05-839F-3B2292FA2953}.Debug|Any CPU.ActiveCfg = Debug|Any CPU
		{44AE5A28-CC0F-4A05-839F-3B2292FA2953}.Debug|Any CPU.Build.0 = Debug|Any CPU
		{44AE5A28-CC0F-4A05-839F-3B2292FA2953}.Release|Any CPU.ActiveCfg = Release|Any CPU
		{44AE5A28-CC0F-4A05-839F-3B2292FA2953}.Release|Any CPU.Build.0 = Release|Any CPU
		{DBDA1674-80CA-473C-8FBC-0E77937C24D0}.Debug|Any CPU.ActiveCfg = Debug|Any CPU
		{DBDA1674-80CA-473C-8FBC-0E77937C24D0}.Debug|Any CPU.Build.0 = Debug|Any CPU
		{DBDA1674-80CA-473C-8FBC-0E77937C24D0}.Release|Any CPU.ActiveCfg = Release|Any CPU
		{DBDA1674-80CA-473C-8FBC-0E77937C24D0}.Release|Any CPU.Build.0 = Release|Any CPU
	EndGlobalSection
	GlobalSection(SolutionProperties) = preSolution
		HideSolutionNode = FALSE
	EndGlobalSection
	GlobalSection(ExtensibilityGlobals) = postSolution
		SolutionGuid = {4C718881-4ECF-49C2-9FFB-37C2D01A468D}
	EndGlobalSection
EndGlobal
